// !$*UTF8*$!
{
	archiveVersion = 1;
	classes = {
	};
	objectVersion = 56;
	objects = {

/* Begin PBXBuildFile section */
		B519336E2C5A2EB9001B3D26 /* AppDelegate.swift in Sources */ = {isa = PBXBuildFile; fileRef = B519336D2C5A2EB9001B3D26 /* AppDelegate.swift */; };
		B51933702C5A2EB9001B3D26 /* SceneDelegate.swift in Sources */ = {isa = PBXBuildFile; fileRef = B519336F2C5A2EB9001B3D26 /* SceneDelegate.swift */; };
		B51933722C5A2EB9001B3D26 /* SearchViewController.swift in Sources */ = {isa = PBXBuildFile; fileRef = B51933712C5A2EB9001B3D26 /* SearchViewController.swift */; };
		B51933742C5A2EBA001B3D26 /* Assets.xcassets in Resources */ = {isa = PBXBuildFile; fileRef = B51933732C5A2EBA001B3D26 /* Assets.xcassets */; };
		B51933772C5A2EBA001B3D26 /* LaunchScreen.storyboard in Resources */ = {isa = PBXBuildFile; fileRef = B51933752C5A2EBA001B3D26 /* LaunchScreen.storyboard */; };
		B51933812C5A30CB001B3D26 /* TabbarController.swift in Sources */ = {isa = PBXBuildFile; fileRef = B51933802C5A30CB001B3D26 /* TabbarController.swift */; };
		B51933832C5A397A001B3D26 /* TodayViewController.swift in Sources */ = {isa = PBXBuildFile; fileRef = B51933822C5A397A001B3D26 /* TodayViewController.swift */; };
		B51933852C5A3984001B3D26 /* GameViewController.swift in Sources */ = {isa = PBXBuildFile; fileRef = B51933842C5A3984001B3D26 /* GameViewController.swift */; };
		B51933872C5A398D001B3D26 /* AppViewController.swift in Sources */ = {isa = PBXBuildFile; fileRef = B51933862C5A398D001B3D26 /* AppViewController.swift */; };
		B51933892C5A3998001B3D26 /* ArcadeViewController.swift in Sources */ = {isa = PBXBuildFile; fileRef = B51933882C5A3998001B3D26 /* ArcadeViewController.swift */; };
		B519338B2C5A5C06001B3D26 /* BaseAble.swift in Sources */ = {isa = PBXBuildFile; fileRef = B519338A2C5A5C06001B3D26 /* BaseAble.swift */; };
/* End PBXBuildFile section */

/* Begin PBXFileReference section */
		B519336A2C5A2EB9001B3D26 /* ExAppstore.app */ = {isa = PBXFileReference; explicitFileType = wrapper.application; includeInIndex = 0; path = ExAppstore.app; sourceTree = BUILT_PRODUCTS_DIR; };
		B519336D2C5A2EB9001B3D26 /* AppDelegate.swift */ = {isa = PBXFileReference; lastKnownFileType = sourcecode.swift; path = AppDelegate.swift; sourceTree = "<group>"; };
		B519336F2C5A2EB9001B3D26 /* SceneDelegate.swift */ = {isa = PBXFileReference; lastKnownFileType = sourcecode.swift; path = SceneDelegate.swift; sourceTree = "<group>"; };
		B51933712C5A2EB9001B3D26 /* SearchViewController.swift */ = {isa = PBXFileReference; lastKnownFileType = sourcecode.swift; path = SearchViewController.swift; sourceTree = "<group>"; };
		B51933732C5A2EBA001B3D26 /* Assets.xcassets */ = {isa = PBXFileReference; lastKnownFileType = folder.assetcatalog; path = Assets.xcassets; sourceTree = "<group>"; };
		B51933762C5A2EBA001B3D26 /* Base */ = {isa = PBXFileReference; lastKnownFileType = file.storyboard; name = Base; path = Base.lproj/LaunchScreen.storyboard; sourceTree = "<group>"; };
		B51933782C5A2EBA001B3D26 /* Info.plist */ = {isa = PBXFileReference; lastKnownFileType = text.plist.xml; path = Info.plist; sourceTree = "<group>"; };
		B51933802C5A30CB001B3D26 /* TabbarController.swift */ = {isa = PBXFileReference; lastKnownFileType = sourcecode.swift; path = TabbarController.swift; sourceTree = "<group>"; };
		B51933822C5A397A001B3D26 /* TodayViewController.swift */ = {isa = PBXFileReference; lastKnownFileType = sourcecode.swift; path = TodayViewController.swift; sourceTree = "<group>"; };
		B51933842C5A3984001B3D26 /* GameViewController.swift */ = {isa = PBXFileReference; lastKnownFileType = sourcecode.swift; path = GameViewController.swift; sourceTree = "<group>"; };
		B51933862C5A398D001B3D26 /* AppViewController.swift */ = {isa = PBXFileReference; lastKnownFileType = sourcecode.swift; path = AppViewController.swift; sourceTree = "<group>"; };
		B51933882C5A3998001B3D26 /* ArcadeViewController.swift */ = {isa = PBXFileReference; lastKnownFileType = sourcecode.swift; path = ArcadeViewController.swift; sourceTree = "<group>"; };
		B519338A2C5A5C06001B3D26 /* BaseAble.swift */ = {isa = PBXFileReference; lastKnownFileType = sourcecode.swift; path = BaseAble.swift; sourceTree = "<group>"; };
/* End PBXFileReference section */

/* Begin PBXFrameworksBuildPhase section */
		B51933672C5A2EB9001B3D26 /* Frameworks */ = {
			isa = PBXFrameworksBuildPhase;
			buildActionMask = 2147483647;
			files = (
			);
			runOnlyForDeploymentPostprocessing = 0;
		};
/* End PBXFrameworksBuildPhase section */

/* Begin PBXGroup section */
		B51933612C5A2EB9001B3D26 = {
			isa = PBXGroup;
			children = (
				B519336C2C5A2EB9001B3D26 /* ExAppstore */,
				B519336B2C5A2EB9001B3D26 /* Products */,
			);
			sourceTree = "<group>";
		};
		B519336B2C5A2EB9001B3D26 /* Products */ = {
			isa = PBXGroup;
			children = (
				B519336A2C5A2EB9001B3D26 /* ExAppstore.app */,
			);
			name = Products;
			sourceTree = "<group>";
		};
		B519336C2C5A2EB9001B3D26 /* ExAppstore */ = {
			isa = PBXGroup;
			children = (
				B519337E2C5A3075001B3D26 /* Application */,
				B519337F2C5A3089001B3D26 /* Presentation */,
				B51933732C5A2EBA001B3D26 /* Assets.xcassets */,
				B51933752C5A2EBA001B3D26 /* LaunchScreen.storyboard */,
				B51933782C5A2EBA001B3D26 /* Info.plist */,
			);
			path = ExAppstore;
			sourceTree = "<group>";
		};
		B519337E2C5A3075001B3D26 /* Application */ = {
			isa = PBXGroup;
			children = (
				B519336D2C5A2EB9001B3D26 /* AppDelegate.swift */,
				B519336F2C5A2EB9001B3D26 /* SceneDelegate.swift */,
			);
			path = Application;
			sourceTree = "<group>";
		};
		B519337F2C5A3089001B3D26 /* Presentation */ = {
			isa = PBXGroup;
			children = (
				B51933802C5A30CB001B3D26 /* TabbarController.swift */,
				B519338D2C5A5C26001B3D26 /* OtherTab */,
				B519338E2C5A5C30001B3D26 /* SearchScene */,
				B519338C2C5A5C16001B3D26 /* Utils */,
			);
			path = Presentation;
			sourceTree = "<group>";
		};
		B519338C2C5A5C16001B3D26 /* Utils */ = {
			isa = PBXGroup;
			children = (
				B519338A2C5A5C06001B3D26 /* BaseAble.swift */,
			);
			path = Utils;
			sourceTree = "<group>";
		};
		B519338D2C5A5C26001B3D26 /* OtherTab */ = {
			isa = PBXGroup;
			children = (
				B51933822C5A397A001B3D26 /* TodayViewController.swift */,
				B51933842C5A3984001B3D26 /* GameViewController.swift */,
				B51933862C5A398D001B3D26 /* AppViewController.swift */,
				B51933882C5A3998001B3D26 /* ArcadeViewController.swift */,
			);
			path = OtherTab;
			sourceTree = "<group>";
		};
		B519338E2C5A5C30001B3D26 /* SearchScene */ = {
			isa = PBXGroup;
			children = (
				B51933712C5A2EB9001B3D26 /* SearchViewController.swift */,
			);
			path = SearchScene;
			sourceTree = "<group>";
		};
/* End PBXGroup section */

/* Begin PBXNativeTarget section */
		B51933692C5A2EB9001B3D26 /* ExAppstore */ = {
			isa = PBXNativeTarget;
			buildConfigurationList = B519337B2C5A2EBA001B3D26 /* Build configuration list for PBXNativeTarget "ExAppstore" */;
			buildPhases = (
				B51933662C5A2EB9001B3D26 /* Sources */,
				B51933672C5A2EB9001B3D26 /* Frameworks */,
				B51933682C5A2EB9001B3D26 /* Resources */,
			);
			buildRules = (
			);
			dependencies = (
			);
			name = ExAppstore;
			productName = ExAppstore;
			productReference = B519336A2C5A2EB9001B3D26 /* ExAppstore.app */;
			productType = "com.apple.product-type.application";
		};
/* End PBXNativeTarget section */

/* Begin PBXProject section */
		B51933622C5A2EB9001B3D26 /* Project object */ = {
			isa = PBXProject;
			attributes = {
				BuildIndependentTargetsInParallel = 1;
				LastSwiftUpdateCheck = 1520;
				LastUpgradeCheck = 1520;
				TargetAttributes = {
					B51933692C5A2EB9001B3D26 = {
						CreatedOnToolsVersion = 15.2;
					};
				};
			};
			buildConfigurationList = B51933652C5A2EB9001B3D26 /* Build configuration list for PBXProject "ExAppstore" */;
			compatibilityVersion = "Xcode 14.0";
			developmentRegion = en;
			hasScannedForEncodings = 0;
			knownRegions = (
				en,
				Base,
			);
			mainGroup = B51933612C5A2EB9001B3D26;
			productRefGroup = B519336B2C5A2EB9001B3D26 /* Products */;
			projectDirPath = "";
			projectRoot = "";
			targets = (
				B51933692C5A2EB9001B3D26 /* ExAppstore */,
			);
		};
/* End PBXProject section */

/* Begin PBXResourcesBuildPhase section */
		B51933682C5A2EB9001B3D26 /* Resources */ = {
			isa = PBXResourcesBuildPhase;
			buildActionMask = 2147483647;
			files = (
				B51933742C5A2EBA001B3D26 /* Assets.xcassets in Resources */,
				B51933772C5A2EBA001B3D26 /* LaunchScreen.storyboard in Resources */,
			);
			runOnlyForDeploymentPostprocessing = 0;
		};
/* End PBXResourcesBuildPhase section */

/* Begin PBXSourcesBuildPhase section */
		B51933662C5A2EB9001B3D26 /* Sources */ = {
			isa = PBXSourcesBuildPhase;
			buildActionMask = 2147483647;
			files = (
				B51933722C5A2EB9001B3D26 /* SearchViewController.swift in Sources */,
				B51933812C5A30CB001B3D26 /* TabbarController.swift in Sources */,
				B51933832C5A397A001B3D26 /* TodayViewController.swift in Sources */,
				B519338B2C5A5C06001B3D26 /* BaseAble.swift in Sources */,
				B519336E2C5A2EB9001B3D26 /* AppDelegate.swift in Sources */,
				B51933892C5A3998001B3D26 /* ArcadeViewController.swift in Sources */,
				B51933872C5A398D001B3D26 /* AppViewController.swift in Sources */,
				B51933852C5A3984001B3D26 /* GameViewController.swift in Sources */,
				B51933702C5A2EB9001B3D26 /* SceneDelegate.swift in Sources */,
			);
			runOnlyForDeploymentPostprocessing = 0;
		};
/* End PBXSourcesBuildPhase section */

/* Begin PBXVariantGroup section */
		B51933752C5A2EBA001B3D26 /* LaunchScreen.storyboard */ = {
			isa = PBXVariantGroup;
			children = (
				B51933762C5A2EBA001B3D26 /* Base */,
			);
			name = LaunchScreen.storyboard;
			sourceTree = "<group>";
		};
/* End PBXVariantGroup section */

/* Begin XCBuildConfiguration section */
		B51933792C5A2EBA001B3D26 /* Debug */ = {
			isa = XCBuildConfiguration;
			buildSettings = {
				ALWAYS_SEARCH_USER_PATHS = NO;
				ASSETCATALOG_COMPILER_GENERATE_SWIFT_ASSET_SYMBOL_EXTENSIONS = YES;
				CLANG_ANALYZER_NONNULL = YES;
				CLANG_ANALYZER_NUMBER_OBJECT_CONVERSION = YES_AGGRESSIVE;
				CLANG_CXX_LANGUAGE_STANDARD = "gnu++20";
				CLANG_ENABLE_MODULES = YES;
				CLANG_ENABLE_OBJC_ARC = YES;
				CLANG_ENABLE_OBJC_WEAK = YES;
				CLANG_WARN_BLOCK_CAPTURE_AUTORELEASING = YES;
				CLANG_WARN_BOOL_CONVERSION = YES;
				CLANG_WARN_COMMA = YES;
				CLANG_WARN_CONSTANT_CONVERSION = YES;
				CLANG_WARN_DEPRECATED_OBJC_IMPLEMENTATIONS = YES;
				CLANG_WARN_DIRECT_OBJC_ISA_USAGE = YES_ERROR;
				CLANG_WARN_DOCUMENTATION_COMMENTS = YES;
				CLANG_WARN_EMPTY_BODY = YES;
				CLANG_WARN_ENUM_CONVERSION = YES;
				CLANG_WARN_INFINITE_RECURSION = YES;
				CLANG_WARN_INT_CONVERSION = YES;
				CLANG_WARN_NON_LITERAL_NULL_CONVERSION = YES;
				CLANG_WARN_OBJC_IMPLICIT_RETAIN_SELF = YES;
				CLANG_WARN_OBJC_LITERAL_CONVERSION = YES;
				CLANG_WARN_OBJC_ROOT_CLASS = YES_ERROR;
				CLANG_WARN_QUOTED_INCLUDE_IN_FRAMEWORK_HEADER = YES;
				CLANG_WARN_RANGE_LOOP_ANALYSIS = YES;
				CLANG_WARN_STRICT_PROTOTYPES = YES;
				CLANG_WARN_SUSPICIOUS_MOVE = YES;
				CLANG_WARN_UNGUARDED_AVAILABILITY = YES_AGGRESSIVE;
				CLANG_WARN_UNREACHABLE_CODE = YES;
				CLANG_WARN__DUPLICATE_METHOD_MATCH = YES;
				COPY_PHASE_STRIP = NO;
				DEBUG_INFORMATION_FORMAT = dwarf;
				ENABLE_STRICT_OBJC_MSGSEND = YES;
				ENABLE_TESTABILITY = YES;
				ENABLE_USER_SCRIPT_SANDBOXING = YES;
				GCC_C_LANGUAGE_STANDARD = gnu17;
				GCC_DYNAMIC_NO_PIC = NO;
				GCC_NO_COMMON_BLOCKS = YES;
				GCC_OPTIMIZATION_LEVEL = 0;
				GCC_PREPROCESSOR_DEFINITIONS = (
					"DEBUG=1",
					"$(inherited)",
				);
				GCC_WARN_64_TO_32_BIT_CONVERSION = YES;
				GCC_WARN_ABOUT_RETURN_TYPE = YES_ERROR;
				GCC_WARN_UNDECLARED_SELECTOR = YES;
				GCC_WARN_UNINITIALIZED_AUTOS = YES_AGGRESSIVE;
				GCC_WARN_UNUSED_FUNCTION = YES;
				GCC_WARN_UNUSED_VARIABLE = YES;
				IPHONEOS_DEPLOYMENT_TARGET = 17.2;
				LOCALIZATION_PREFERS_STRING_CATALOGS = YES;
				MTL_ENABLE_DEBUG_INFO = INCLUDE_SOURCE;
				MTL_FAST_MATH = YES;
				ONLY_ACTIVE_ARCH = YES;
				SDKROOT = iphoneos;
				SWIFT_ACTIVE_COMPILATION_CONDITIONS = "DEBUG $(inherited)";
				SWIFT_OPTIMIZATION_LEVEL = "-Onone";
			};
			name = Debug;
		};
		B519337A2C5A2EBA001B3D26 /* Release */ = {
			isa = XCBuildConfiguration;
			buildSettings = {
				ALWAYS_SEARCH_USER_PATHS = NO;
				ASSETCATALOG_COMPILER_GENERATE_SWIFT_ASSET_SYMBOL_EXTENSIONS = YES;
				CLANG_ANALYZER_NONNULL = YES;
				CLANG_ANALYZER_NUMBER_OBJECT_CONVERSION = YES_AGGRESSIVE;
				CLANG_CXX_LANGUAGE_STANDARD = "gnu++20";
				CLANG_ENABLE_MODULES = YES;
				CLANG_ENABLE_OBJC_ARC = YES;
				CLANG_ENABLE_OBJC_WEAK = YES;
				CLANG_WARN_BLOCK_CAPTURE_AUTORELEASING = YES;
				CLANG_WARN_BOOL_CONVERSION = YES;
				CLANG_WARN_COMMA = YES;
				CLANG_WARN_CONSTANT_CONVERSION = YES;
				CLANG_WARN_DEPRECATED_OBJC_IMPLEMENTATIONS = YES;
				CLANG_WARN_DIRECT_OBJC_ISA_USAGE = YES_ERROR;
				CLANG_WARN_DOCUMENTATION_COMMENTS = YES;
				CLANG_WARN_EMPTY_BODY = YES;
				CLANG_WARN_ENUM_CONVERSION = YES;
				CLANG_WARN_INFINITE_RECURSION = YES;
				CLANG_WARN_INT_CONVERSION = YES;
				CLANG_WARN_NON_LITERAL_NULL_CONVERSION = YES;
				CLANG_WARN_OBJC_IMPLICIT_RETAIN_SELF = YES;
				CLANG_WARN_OBJC_LITERAL_CONVERSION = YES;
				CLANG_WARN_OBJC_ROOT_CLASS = YES_ERROR;
				CLANG_WARN_QUOTED_INCLUDE_IN_FRAMEWORK_HEADER = YES;
				CLANG_WARN_RANGE_LOOP_ANALYSIS = YES;
				CLANG_WARN_STRICT_PROTOTYPES = YES;
				CLANG_WARN_SUSPICIOUS_MOVE = YES;
				CLANG_WARN_UNGUARDED_AVAILABILITY = YES_AGGRESSIVE;
				CLANG_WARN_UNREACHABLE_CODE = YES;
				CLANG_WARN__DUPLICATE_METHOD_MATCH = YES;
				COPY_PHASE_STRIP = NO;
				DEBUG_INFORMATION_FORMAT = "dwarf-with-dsym";
				ENABLE_NS_ASSERTIONS = NO;
				ENABLE_STRICT_OBJC_MSGSEND = YES;
				ENABLE_USER_SCRIPT_SANDBOXING = YES;
				GCC_C_LANGUAGE_STANDARD = gnu17;
				GCC_NO_COMMON_BLOCKS = YES;
				GCC_WARN_64_TO_32_BIT_CONVERSION = YES;
				GCC_WARN_ABOUT_RETURN_TYPE = YES_ERROR;
				GCC_WARN_UNDECLARED_SELECTOR = YES;
				GCC_WARN_UNINITIALIZED_AUTOS = YES_AGGRESSIVE;
				GCC_WARN_UNUSED_FUNCTION = YES;
				GCC_WARN_UNUSED_VARIABLE = YES;
				IPHONEOS_DEPLOYMENT_TARGET = 17.2;
				LOCALIZATION_PREFERS_STRING_CATALOGS = YES;
				MTL_ENABLE_DEBUG_INFO = NO;
				MTL_FAST_MATH = YES;
				SDKROOT = iphoneos;
				SWIFT_COMPILATION_MODE = wholemodule;
				VALIDATE_PRODUCT = YES;
			};
			name = Release;
		};
		B519337C2C5A2EBA001B3D26 /* Debug */ = {
			isa = XCBuildConfiguration;
			buildSettings = {
				ASSETCATALOG_COMPILER_APPICON_NAME = AppIcon;
				ASSETCATALOG_COMPILER_GLOBAL_ACCENT_COLOR_NAME = AccentColor;
				CODE_SIGN_STYLE = Automatic;
				CURRENT_PROJECT_VERSION = 1;
				GENERATE_INFOPLIST_FILE = YES;
				INFOPLIST_FILE = ExAppstore/Info.plist;
				INFOPLIST_KEY_UIApplicationSupportsIndirectInputEvents = YES;
				INFOPLIST_KEY_UILaunchStoryboardName = LaunchScreen;
				INFOPLIST_KEY_UISupportedInterfaceOrientations_iPad = "UIInterfaceOrientationPortrait UIInterfaceOrientationPortraitUpsideDown UIInterfaceOrientationLandscapeLeft UIInterfaceOrientationLandscapeRight";
				INFOPLIST_KEY_UISupportedInterfaceOrientations_iPhone = "UIInterfaceOrientationPortrait UIInterfaceOrientationLandscapeLeft UIInterfaceOrientationLandscapeRight";
				LD_RUNPATH_SEARCH_PATHS = (
					"$(inherited)",
					"@executable_path/Frameworks",
				);
				MARKETING_VERSION = 1.0;
				PRODUCT_BUNDLE_IDENTIFIER = com.arex.ExAppstore;
				PRODUCT_NAME = "$(TARGET_NAME)";
				SWIFT_EMIT_LOC_STRINGS = YES;
				SWIFT_VERSION = 5.0;
				TARGETED_DEVICE_FAMILY = "1,2";
			};
			name = Debug;
		};
		B519337D2C5A2EBA001B3D26 /* Release */ = {
			isa = XCBuildConfiguration;
			buildSettings = {
				ASSETCATALOG_COMPILER_APPICON_NAME = AppIcon;
				ASSETCATALOG_COMPILER_GLOBAL_ACCENT_COLOR_NAME = AccentColor;
				CODE_SIGN_STYLE = Automatic;
				CURRENT_PROJECT_VERSION = 1;
				GENERATE_INFOPLIST_FILE = YES;
				INFOPLIST_FILE = ExAppstore/Info.plist;
				INFOPLIST_KEY_UIApplicationSupportsIndirectInputEvents = YES;
				INFOPLIST_KEY_UILaunchStoryboardName = LaunchScreen;
				INFOPLIST_KEY_UISupportedInterfaceOrientations_iPad = "UIInterfaceOrientationPortrait UIInterfaceOrientationPortraitUpsideDown UIInterfaceOrientationLandscapeLeft UIInterfaceOrientationLandscapeRight";
				INFOPLIST_KEY_UISupportedInterfaceOrientations_iPhone = "UIInterfaceOrientationPortrait UIInterfaceOrientationLandscapeLeft UIInterfaceOrientationLandscapeRight";
				LD_RUNPATH_SEARCH_PATHS = (
					"$(inherited)",
					"@executable_path/Frameworks",
				);
				MARKETING_VERSION = 1.0;
				PRODUCT_BUNDLE_IDENTIFIER = com.arex.ExAppstore;
				PRODUCT_NAME = "$(TARGET_NAME)";
				SWIFT_EMIT_LOC_STRINGS = YES;
				SWIFT_VERSION = 5.0;
				TARGETED_DEVICE_FAMILY = "1,2";
			};
			name = Release;
		};
/* End XCBuildConfiguration section */

/* Begin XCConfigurationList section */
		B51933652C5A2EB9001B3D26 /* Build configuration list for PBXProject "ExAppstore" */ = {
			isa = XCConfigurationList;
			buildConfigurations = (
				B51933792C5A2EBA001B3D26 /* Debug */,
				B519337A2C5A2EBA001B3D26 /* Release */,
			);
			defaultConfigurationIsVisible = 0;
			defaultConfigurationName = Release;
		};
		B519337B2C5A2EBA001B3D26 /* Build configuration list for PBXNativeTarget "ExAppstore" */ = {
			isa = XCConfigurationList;
			buildConfigurations = (
				B519337C2C5A2EBA001B3D26 /* Debug */,
				B519337D2C5A2EBA001B3D26 /* Release */,
			);
			defaultConfigurationIsVisible = 0;
			defaultConfigurationName = Release;
		};
/* End XCConfigurationList section */
	};
	rootObject = B51933622C5A2EB9001B3D26 /* Project object */;
}
